
Microsoft Visual Studio Solution File, Format Version 12.00
# Visual Studio Version 17
VisualStudioVersion = 17.0.31912.275
MinimumVisualStudioVersion = 10.0.40219.1
Project("{FAE04EC0-301F-11D3-BF4B-00C04F79EFBC}") = "exx1", "exx1\exx1.csproj", "{FF270E67-580D-4F1E-9196-1F43FE5FEB0A}"
EndProject
Project("{FAE04EC0-301F-11D3-BF4B-00C04F79EFBC}") = "UnitTestProject1", "UnitTestProject1\UnitTestProject1.csproj", "{902C9C86-E096-41EC-853F-6989D1030A57}"
EndProject
Global
	GlobalSection(SolutionConfigurationPlatforms) = preSolution
		Debug|Any CPU = Debug|Any CPU
		Release|Any CPU = Release|Any CPU
	EndGlobalSection
	GlobalSection(ProjectConfigurationPlatforms) = postSolution
		{FF270E67-580D-4F1E-9196-1F43FE5FEB0A}.Debug|Any CPU.ActiveCfg = Debug|Any CPU
		{FF270E67-580D-4F1E-9196-1F43FE5FEB0A}.Debug|Any CPU.Build.0 = Debug|Any CPU
		{FF270E67-580D-4F1E-9196-1F43FE5FEB0A}.Release|Any CPU.ActiveCfg = Release|Any CPU
		{FF270E67-580D-4F1E-9196-1F43FE5FEB0A}.Release|Any CPU.Build.0 = Release|Any CPU
		{902C9C86-E096-41EC-853F-6989D1030A57}.Debug|Any CPU.ActiveCfg = Debug|Any CPU
		{902C9C86-E096-41EC-853F-6989D1030A57}.Debug|Any CPU.Build.0 = Debug|Any CPU
		{902C9C86-E096-41EC-853F-6989D1030A57}.Release|Any CPU.ActiveCfg = Release|Any CPU
		{902C9C86-E096-41EC-853F-6989D1030A57}.Release|Any CPU.Build.0 = Release|Any CPU
	EndGlobalSection
	GlobalSection(SolutionProperties) = preSolution
		HideSolutionNode = FALSE
	EndGlobalSection
	GlobalSection(ExtensibilityGlobals) = postSolution
		SolutionGuid = {D7964431-3C9B-4739-8ABA-9DFB19C20378}
	EndGlobalSection
EndGlobal
